# This file was autogenerated by uv via the following command:
#    uv pip compile --generate-hashes requirements/build.in --output-file requirements/build.lock
setuptools==84.0.0 \
    --hash=sha256:51a52592b3b99e102b609654876bd65f19f999935166d1352678931132b0c670 \
    --hash=sha256:f4695c21257f0d9b537ec2692c941d02ee143b7cc1276941349a546573b2ef73
    # via -r requirements/build.in
